{
  "name": "@yellicode/angular",
  "version": "0.1.0",
  "lockfileVersion": 1,
  "requires": true,
  "dependencies": {
    "@yellicode/core": {
      "version": "0.1.4",
      "resolved": "https://registry.npmjs.org/@yellicode/core/-/core-0.1.4.tgz",
      "integrity": "sha1-Zpv1F1HCLw2frZLH7nfOIxIe/vA=",
      "requires": {
        "uuid": "^3.2.1"
      }
    },
    "@yellicode/elements": {
      "version": "0.2.1",
      "resolved": "https://registry.npmjs.org/@yellicode/elements/-/elements-0.2.1.tgz",
      "integrity": "sha1-cQ/FUe36QubwyxKstr2movkAack=",
      "requires": {
        "@yellicode/core": "^0.1.2",
        "lodash": "^4.17.4"
      }
    },
    "@yellicode/templating": {
      "version": "0.3.3",
      "resolved": "https://registry.npmjs.org/@yellicode/templating/-/templating-0.3.3.tgz",
      "integrity": "sha512-Tai79IggAsI6ieYEJsjySWC/h25I9/2XL/OjsWpZ9u4nOC9X1TLOeTpK2FIDOoBo32f6m4S04TIh1WCajLw+CA==",
      "requires": {
        "@yellicode/core": "^0.1.2",
        "@yellicode/elements": "^0.2.0"
      }
    },
    "@yellicode/typescript": {
      "version": "0.1.8",
      "resolved": "https://registry.npmjs.org/@yellicode/typescript/-/typescript-0.1.8.tgz",
      "integrity": "sha512-1AkJFY8Z1yW3hqnXQVhiYU/76CtvISnI6h3lMrbQxPB0c45JoApM62/u7kq8ficSkpJ1BlLmaH4shZceBgsiYg==",
      "requires": {
        "@yellicode/elements": "^0.2.1",
        "@yellicode/templating": "^0.3.1"
      }
    },
    "lodash": {
      "version": "4.17.11",
      "resolved": "https://registry.npmjs.org/lodash/-/lodash-4.17.11.tgz",
      "integrity": "sha512-cQKh8igo5QUhZ7lg38DYWAxMvjSAKG0A8wGSVimP07SIUEK2UO+arSRKbRZWtelMtN5V0Hkwh5ryOto/SshYIg=="
    },
    "rollup": {
      "version": "0.50.1",
      "resolved": "https://registry.npmjs.org/rollup/-/rollup-0.50.1.tgz",
      "integrity": "sha512-XwrnqjSTk+yR8GbP6hiJuVe83MVmBw/gm4P3qP34A10fRXvv6ppl0ZUg1+Pj1tIZSR/aw5ZaILLEiVxwXIAdAw==",
      "dev": true
    },
    "uuid": {
      "version": "3.3.2",
      "resolved": "https://registry.npmjs.org/uuid/-/uuid-3.3.2.tgz",
      "integrity": "sha512-yXJmeNaw3DnnKAOKJE51sL/ZaYfWJRl1pK9dr19YFCu0ObS231AB1/LbqTKRAQ5kw8A90rA6fr4riOUpTZvQZA=="
    }
  }
}
